
Microsoft Visual Studio Solution File, Format Version 12.00
# Visual Studio Version 17
VisualStudioVersion = 17.0.32002.185
MinimumVisualStudioVersion = 10.0.40219.1
Project("{FAE04EC0-301F-11D3-BF4B-00C04F79EFBC}") = "ShantenCalculator", "ShantenCalculator\ShantenCalculator.csproj", "{B6983BEE-C44C-4D1A-91C4-D7A456FB48B4}"
EndProject
Global
	GlobalSection(SolutionConfigurationPlatforms) = preSolution
		Debug|Any CPU = Debug|Any CPU
		Release|Any CPU = Release|Any CPU
	EndGlobalSection
	GlobalSection(ProjectConfigurationPlatforms) = postSolution
		{B6983BEE-C44C-4D1A-91C4-D7A456FB48B4}.Debug|Any CPU.ActiveCfg = Debug|Any CPU
		{B6983BEE-C44C-4D1A-91C4-D7A456FB48B4}.Debug|Any CPU.Build.0 = Debug|Any CPU
		{B6983BEE-C44C-4D1A-91C4-D7A456FB48B4}.Release|Any CPU.ActiveCfg = Release|Any CPU
		{B6983BEE-C44C-4D1A-91C4-D7A456FB48B4}.Release|Any CPU.Build.0 = Release|Any CPU
	EndGlobalSection
	GlobalSection(SolutionProperties) = preSolution
		HideSolutionNode = FALSE
	EndGlobalSection
	GlobalSection(ExtensibilityGlobals) = postSolution
		SolutionGuid = {CE6A4CDC-722B-49E8-9835-60FBA727011F}
	EndGlobalSection
EndGlobal
